// !$*UTF8*$!
{
	archiveVersion = 1;
	classes = {};
	objectVersion = 56;
	objects = {

/* Begin PBXBuildFile section */
		A10000000000000000000001 /* SkillsApp.swift in Sources */ = {isa = PBXBuildFile; fileRef = A20000000000000000000001 /* SkillsApp.swift */; };
		A10000000000000000000002 /* AppModel.swift in Sources */ = {isa = PBXBuildFile; fileRef = A20000000000000000000005 /* AppModel.swift */; };
		A10000000000000000000003 /* SkillModels.swift in Sources */ = {isa = PBXBuildFile; fileRef = A20000000000000000000002 /* SkillModels.swift */; };
		A10000000000000000000004 /* RuntimeLocator.swift in Sources */ = {isa = PBXBuildFile; fileRef = A20000000000000000000003 /* RuntimeLocator.swift */; };
		A10000000000000000000005 /* SkillsClient.swift in Sources */ = {isa = PBXBuildFile; fileRef = A20000000000000000000004 /* SkillsClient.swift */; };
		A10000000000000000000006 /* ContentView.swift in Sources */ = {isa = PBXBuildFile; fileRef = A20000000000000000000006 /* ContentView.swift */; };
		A10000000000000000000007 /* SupportViews.swift in Sources */ = {isa = PBXBuildFile; fileRef = A20000000000000000000008 /* SupportViews.swift */; };
		A10000000000000000000008 /* Localizable.strings in Resources */ = {isa = PBXBuildFile; fileRef = A30000000000000000000001 /* Localizable.strings */; };
		A10000000000000000000009 /* AppIcon.icon in Resources */ = {isa = PBXBuildFile; fileRef = A2000000000000000000000E /* AppIcon.icon */; };
		A1000000000000000000000A /* SkillsTests.swift in Sources */ = {isa = PBXBuildFile; fileRef = A20000000000000000000009 /* SkillsTests.swift */; };
		A1000000000000000000000B /* AgentPickerView.swift in Sources */ = {isa = PBXBuildFile; fileRef = A20000000000000000000010 /* AgentPickerView.swift */; };
		A1000000000000000000000C /* SkillDetailViews.swift in Sources */ = {isa = PBXBuildFile; fileRef = A20000000000000000000011 /* SkillDetailViews.swift */; };
		A1000000000000000000000D /* SkillInstallViews.swift in Sources */ = {isa = PBXBuildFile; fileRef = A20000000000000000000012 /* SkillInstallViews.swift */; };
		A1000000000000000000000E /* SkillListViews.swift in Sources */ = {isa = PBXBuildFile; fileRef = A20000000000000000000013 /* SkillListViews.swift */; };
/* End PBXBuildFile section */

/* Begin PBXContainerItemProxy section */
		A40000000000000000000001 = {
			isa = PBXContainerItemProxy;
			containerPortal = A50000000000000000000001 /* Project object */;
			proxyType = 1;
			remoteGlobalIDString = A60000000000000000000001;
			remoteInfo = Skills;
		};
/* End PBXContainerItemProxy section */

/* Begin PBXFileReference section */
		A20000000000000000000001 /* SkillsApp.swift */ = {isa = PBXFileReference; lastKnownFileType = sourcecode.swift; path = SkillsApp.swift; sourceTree = "<group>"; };
		A20000000000000000000002 /* SkillModels.swift */ = {isa = PBXFileReference; lastKnownFileType = sourcecode.swift; path = SkillModels.swift; sourceTree = "<group>"; };
		A20000000000000000000003 /* RuntimeLocator.swift */ = {isa = PBXFileReference; lastKnownFileType = sourcecode.swift; path = RuntimeLocator.swift; sourceTree = "<group>"; };
		A20000000000000000000004 /* SkillsClient.swift */ = {isa = PBXFileReference; lastKnownFileType = sourcecode.swift; path = SkillsClient.swift; sourceTree = "<group>"; };
		A20000000000000000000005 /* AppModel.swift */ = {isa = PBXFileReference; lastKnownFileType = sourcecode.swift; path = AppModel.swift; sourceTree = "<group>"; };
		A20000000000000000000006 /* ContentView.swift */ = {isa = PBXFileReference; lastKnownFileType = sourcecode.swift; path = ContentView.swift; sourceTree = "<group>"; };
		A20000000000000000000008 /* SupportViews.swift */ = {isa = PBXFileReference; lastKnownFileType = sourcecode.swift; path = SupportViews.swift; sourceTree = "<group>"; };
		A20000000000000000000009 /* SkillsTests.swift */ = {isa = PBXFileReference; lastKnownFileType = sourcecode.swift; path = SkillsTests.swift; sourceTree = "<group>"; };
		A2000000000000000000000A /* en */ = {isa = PBXFileReference; lastKnownFileType = text.plist.strings; name = en; path = en.lproj/Localizable.strings; sourceTree = "<group>"; };
		A2000000000000000000000B /* zh-Hans */ = {isa = PBXFileReference; lastKnownFileType = text.plist.strings; name = "zh-Hans"; path = "zh-Hans.lproj/Localizable.strings"; sourceTree = "<group>"; };
		A2000000000000000000000C /* Skills.app */ = {isa = PBXFileReference; explicitFileType = wrapper.application; includeInIndex = 0; path = Skills.app; sourceTree = BUILT_PRODUCTS_DIR; };
		A2000000000000000000000D /* SkillsTests.xctest */ = {isa = PBXFileReference; explicitFileType = wrapper.cfbundle; includeInIndex = 0; path = SkillsTests.xctest; sourceTree = BUILT_PRODUCTS_DIR; };
		A2000000000000000000000E /* AppIcon.icon */ = {isa = PBXFileReference; lastKnownFileType = folder.iconcomposer.icon; path = AppIcon.icon; sourceTree = "<group>"; };
		A20000000000000000000010 /* AgentPickerView.swift */ = {isa = PBXFileReference; lastKnownFileType = sourcecode.swift; path = AgentPickerView.swift; sourceTree = "<group>"; };
		A20000000000000000000011 /* SkillDetailViews.swift */ = {isa = PBXFileReference; lastKnownFileType = sourcecode.swift; path = SkillDetailViews.swift; sourceTree = "<group>"; };
		A20000000000000000000012 /* SkillInstallViews.swift */ = {isa = PBXFileReference; lastKnownFileType = sourcecode.swift; path = SkillInstallViews.swift; sourceTree = "<group>"; };
		A20000000000000000000013 /* SkillListViews.swift */ = {isa = PBXFileReference; lastKnownFileType = sourcecode.swift; path = SkillListViews.swift; sourceTree = "<group>"; };
/* End PBXFileReference section */

/* Begin PBXFrameworksBuildPhase section */
		A70000000000000000000001 = {isa = PBXFrameworksBuildPhase; buildActionMask = 2147483647; files = (); runOnlyForDeploymentPostprocessing = 0; };
		A70000000000000000000002 = {isa = PBXFrameworksBuildPhase; buildActionMask = 2147483647; files = (); runOnlyForDeploymentPostprocessing = 0; };
/* End PBXFrameworksBuildPhase section */

/* Begin PBXGroup section */
		A80000000000000000000001 = {isa = PBXGroup; children = (A80000000000000000000002, A80000000000000000000009, A8000000000000000000000A,); sourceTree = "<group>"; };
		A80000000000000000000002 /* Skills */ = {isa = PBXGroup; children = (A20000000000000000000001, A80000000000000000000003, A80000000000000000000004, A80000000000000000000005, A80000000000000000000006, A80000000000000000000007,); path = skills; sourceTree = "<group>"; };
		A80000000000000000000003 /* Core */ = {isa = PBXGroup; children = (A20000000000000000000005,); path = Core; sourceTree = "<group>"; };
		A80000000000000000000004 /* Models */ = {isa = PBXGroup; children = (A20000000000000000000002,); path = Models; sourceTree = "<group>"; };
		A80000000000000000000005 /* Services */ = {isa = PBXGroup; children = (A20000000000000000000003, A20000000000000000000004,); path = Services; sourceTree = "<group>"; };
		A80000000000000000000006 /* Views */ = {isa = PBXGroup; children = (A20000000000000000000006, A20000000000000000000008, A20000000000000000000010, A20000000000000000000011, A20000000000000000000012, A20000000000000000000013,); path = Views; sourceTree = "<group>"; };
		A80000000000000000000007 /* Resources */ = {isa = PBXGroup; children = (A30000000000000000000001, A2000000000000000000000E,); path = Resources; sourceTree = "<group>"; };
		A80000000000000000000008 /* SkillsTests */ = {isa = PBXGroup; children = (A20000000000000000000009,); path = SkillsTests; sourceTree = "<group>"; };
		A80000000000000000000009 /* Tests */ = {isa = PBXGroup; children = (A80000000000000000000008,); name = Tests; sourceTree = "<group>"; };
		A8000000000000000000000A /* Products */ = {isa = PBXGroup; children = (A2000000000000000000000C, A2000000000000000000000D,); name = Products; sourceTree = "<group>"; };
/* End PBXGroup section */

/* Begin PBXNativeTarget section */
		A60000000000000000000001 /* Skills */ = {
			isa = PBXNativeTarget;
			buildConfigurationList = AA0000000000000000000001;
			buildPhases = (A90000000000000000000001 /* Sources */, A70000000000000000000001 /* Frameworks */, AB0000000000000000000001 /* Resources */,);
			buildRules = ();
			dependencies = ();
			name = Skills;
			packageProductDependencies = ();
			productName = Skills;
			productReference = A2000000000000000000000C /* Skills.app */;
			productType = "com.apple.product-type.application";
		};
		A60000000000000000000002 /* SkillsTests */ = {
			isa = PBXNativeTarget;
			buildConfigurationList = AA0000000000000000000002;
			buildPhases = (A90000000000000000000002 /* Sources */, A70000000000000000000002 /* Frameworks */, AB0000000000000000000002 /* Resources */,);
			buildRules = ();
			dependencies = (AC0000000000000000000001 /* PBXTargetDependency */,);
			name = SkillsTests;
			productName = SkillsTests;
			productReference = A2000000000000000000000D /* SkillsTests.xctest */;
			productType = "com.apple.product-type.bundle.unit-test";
		};
/* End PBXNativeTarget section */

/* Begin PBXProject section */
		A50000000000000000000001 /* Project object */ = {
			isa = PBXProject;
			attributes = {BuildIndependentTargetsInParallel = 1; LastSwiftUpdateCheck = 2700; LastUpgradeCheck = 2700; TargetAttributes = {A60000000000000000000001 = {CreatedOnToolsVersion = 27.0;}; A60000000000000000000002 = {CreatedOnToolsVersion = 27.0; TestTargetID = A60000000000000000000001;};};};
			buildConfigurationList = AA0000000000000000000003;
			compatibilityVersion = "Xcode 14.0";
			developmentRegion = en;
			hasScannedForEncodings = 0;
			knownRegions = (en, Base, "zh-Hans",);
			mainGroup = A80000000000000000000001;
			packageReferences = ();
			productRefGroup = A8000000000000000000000A /* Products */;
			projectDirPath = "";
			projectRoot = "";
			targets = (A60000000000000000000001 /* Skills */, A60000000000000000000002 /* SkillsTests */,);
		};
/* End PBXProject section */

/* Begin PBXResourcesBuildPhase section */
		AB0000000000000000000001 /* Resources */ = {isa = PBXResourcesBuildPhase; buildActionMask = 2147483647; files = (A10000000000000000000008, A10000000000000000000009,); runOnlyForDeploymentPostprocessing = 0; };
		AB0000000000000000000002 /* Resources */ = {isa = PBXResourcesBuildPhase; buildActionMask = 2147483647; files = (); runOnlyForDeploymentPostprocessing = 0; };
/* End PBXResourcesBuildPhase section */

/* Begin PBXSourcesBuildPhase section */
		A90000000000000000000001 /* Sources */ = {isa = PBXSourcesBuildPhase; buildActionMask = 2147483647; files = (A10000000000000000000001, A10000000000000000000002, A10000000000000000000003, A10000000000000000000004, A10000000000000000000005, A10000000000000000000006, A10000000000000000000007, A1000000000000000000000B, A1000000000000000000000C, A1000000000000000000000D, A1000000000000000000000E,); runOnlyForDeploymentPostprocessing = 0; };
		A90000000000000000000002 /* Sources */ = {isa = PBXSourcesBuildPhase; buildActionMask = 2147483647; files = (A1000000000000000000000A,); runOnlyForDeploymentPostprocessing = 0; };
/* End PBXSourcesBuildPhase section */

/* Begin PBXTargetDependency section */
		AC0000000000000000000001 /* PBXTargetDependency */ = {isa = PBXTargetDependency; target = A60000000000000000000001 /* Skills */; targetProxy = A40000000000000000000001; };
/* End PBXTargetDependency section */

/* Begin PBXVariantGroup section */
		A30000000000000000000001 /* Localizable.strings */ = {isa = PBXVariantGroup; children = (A2000000000000000000000A /* en */, A2000000000000000000000B /* zh-Hans */,); name = Localizable.strings; sourceTree = "<group>"; };
/* End PBXVariantGroup section */

/* Begin XCLocalSwiftPackageReference section */

/* End XCLocalSwiftPackageReference section */

/* Begin XCSwiftPackageProductDependency section */

/* End XCSwiftPackageProductDependency section */

/* Begin XCBuildConfiguration section */
		AD0000000000000000000001 /* Debug */ = {isa = XCBuildConfiguration; buildSettings = {ASSETCATALOG_COMPILER_APPICON_NAME = AppIcon; CODE_SIGN_IDENTITY = "-"; CODE_SIGN_STYLE = Manual; COMBINE_HIDPI_IMAGES = YES; CURRENT_PROJECT_VERSION = 1; ENABLE_APP_SANDBOX = NO; ENABLE_HARDENED_RUNTIME = NO; GENERATE_INFOPLIST_FILE = YES; INFOPLIST_KEY_CFBundleDisplayName = Skills; INFOPLIST_KEY_LSApplicationCategoryType = "public.app-category.developer-tools"; MACOSX_DEPLOYMENT_TARGET = 26.0; MARKETING_VERSION = 1.0.3; PRODUCT_BUNDLE_IDENTIFIER = dev.skillsgui.Skills; PRODUCT_MODULE_NAME = Skills; PRODUCT_NAME = Skills; SWIFT_STRICT_CONCURRENCY = complete; SWIFT_VERSION = 6.0; }; name = Debug; };
		AD0000000000000000000002 /* Release */ = {isa = XCBuildConfiguration; buildSettings = {ASSETCATALOG_COMPILER_APPICON_NAME = AppIcon; CODE_SIGN_IDENTITY = "-"; CODE_SIGN_STYLE = Manual; COMBINE_HIDPI_IMAGES = YES; CURRENT_PROJECT_VERSION = 1; ENABLE_APP_SANDBOX = NO; ENABLE_HARDENED_RUNTIME = NO; GENERATE_INFOPLIST_FILE = YES; INFOPLIST_KEY_CFBundleDisplayName = Skills; INFOPLIST_KEY_LSApplicationCategoryType = "public.app-category.developer-tools"; MACOSX_DEPLOYMENT_TARGET = 26.0; MARKETING_VERSION = 1.0.3; PRODUCT_BUNDLE_IDENTIFIER = dev.skillsgui.Skills; PRODUCT_MODULE_NAME = Skills; PRODUCT_NAME = Skills; SWIFT_COMPILATION_MODE = wholemodule; SWIFT_STRICT_CONCURRENCY = complete; SWIFT_VERSION = 6.0; }; name = Release; };
		AD0000000000000000000003 /* Debug */ = {isa = XCBuildConfiguration; buildSettings = {BUNDLE_LOADER = "$(TEST_HOST)"; CODE_SIGN_IDENTITY = "-"; CODE_SIGN_STYLE = Manual; GENERATE_INFOPLIST_FILE = YES; MACOSX_DEPLOYMENT_TARGET = 26.0; PRODUCT_BUNDLE_IDENTIFIER = dev.skillsgui.SkillsTests; PRODUCT_NAME = "$(TARGET_NAME)"; SWIFT_STRICT_CONCURRENCY = complete; SWIFT_VERSION = 6.0; TEST_HOST = "$(BUILT_PRODUCTS_DIR)/Skills.app/Contents/MacOS/Skills"; }; name = Debug; };
		AD0000000000000000000004 /* Release */ = {isa = XCBuildConfiguration; buildSettings = {BUNDLE_LOADER = "$(TEST_HOST)"; CODE_SIGN_IDENTITY = "-"; CODE_SIGN_STYLE = Manual; GENERATE_INFOPLIST_FILE = YES; MACOSX_DEPLOYMENT_TARGET = 26.0; PRODUCT_BUNDLE_IDENTIFIER = dev.skillsgui.SkillsTests; PRODUCT_NAME = "$(TARGET_NAME)"; SWIFT_STRICT_CONCURRENCY = complete; SWIFT_VERSION = 6.0; TEST_HOST = "$(BUILT_PRODUCTS_DIR)/Skills.app/Contents/MacOS/Skills"; }; name = Release; };
		AD0000000000000000000005 /* Debug */ = {isa = XCBuildConfiguration; buildSettings = {ALWAYS_SEARCH_USER_PATHS = NO; CLANG_ENABLE_MODULES = YES; COPY_PHASE_STRIP = NO; DEBUG_INFORMATION_FORMAT = dwarf; ENABLE_TESTABILITY = YES; GCC_C_LANGUAGE_STANDARD = gnu17; MACOSX_DEPLOYMENT_TARGET = 26.0; ONLY_ACTIVE_ARCH = YES; SDKROOT = macosx; SWIFT_ACTIVE_COMPILATION_CONDITIONS = DEBUG; }; name = Debug; };
		AD0000000000000000000006 /* Release */ = {isa = XCBuildConfiguration; buildSettings = {ALWAYS_SEARCH_USER_PATHS = NO; CLANG_ENABLE_MODULES = YES; COPY_PHASE_STRIP = YES; DEBUG_INFORMATION_FORMAT = "dwarf-with-dsym"; GCC_C_LANGUAGE_STANDARD = gnu17; MACOSX_DEPLOYMENT_TARGET = 26.0; SDKROOT = macosx; VALIDATE_PRODUCT = YES; }; name = Release; };
/* End XCBuildConfiguration section */

/* Begin XCConfigurationList section */
		AA0000000000000000000001 = {isa = XCConfigurationList; buildConfigurations = (AD0000000000000000000001, AD0000000000000000000002,); defaultConfigurationIsVisible = 0; defaultConfigurationName = Release; };
		AA0000000000000000000002 = {isa = XCConfigurationList; buildConfigurations = (AD0000000000000000000003, AD0000000000000000000004,); defaultConfigurationIsVisible = 0; defaultConfigurationName = Release; };
		AA0000000000000000000003 = {isa = XCConfigurationList; buildConfigurations = (AD0000000000000000000005, AD0000000000000000000006,); defaultConfigurationIsVisible = 0; defaultConfigurationName = Release; };
/* End XCConfigurationList section */
	};
	rootObject = A50000000000000000000001 /* Project object */;
}
